// !$*UTF8*$!
{
	archiveVersion = 1;
	classes = {
	};
	objectVersion = 50;
	objects = {

/* Begin PBXBuildFile section */
		8F611AAC253BB88100F6A281 /* Movies.framework in Frameworks */ = {isa = PBXBuildFile; fileRef = 8F611AA2253BB88100F6A281 /* Movies.framework */; };
		8F611AB1253BB88100F6A281 /* MoviesTests.swift in Sources */ = {isa = PBXBuildFile; fileRef = 8F611AB0253BB88100F6A281 /* MoviesTests.swift */; };
		8F611B44253BB8C500F6A281 /* MoviesView.swift in Sources */ = {isa = PBXBuildFile; fileRef = 8F611B43253BB8C500F6A281 /* MoviesView.swift */; };
		8FE60C66253C6C1400F03185 /* MoviesViewModel.swift in Sources */ = {isa = PBXBuildFile; fileRef = 8FE60C65253C6C1400F03185 /* MoviesViewModel.swift */; };
		8FE60C98253C74DF00F03185 /* Models.framework in Frameworks */ = {isa = PBXBuildFile; fileRef = 8FE60C97253C74DF00F03185 /* Models.framework */; };
		8FE60C99253C74DF00F03185 /* Models.framework in Embed Frameworks */ = {isa = PBXBuildFile; fileRef = 8FE60C97253C74DF00F03185 /* Models.framework */; settings = {ATTRIBUTES = (CodeSignOnCopy, RemoveHeadersOnCopy, ); }; };
		8FE60C9D253C74E300F03185 /* NetworkLayer.framework in Frameworks */ = {isa = PBXBuildFile; fileRef = 8FE60C9C253C74E300F03185 /* NetworkLayer.framework */; };
		8FE60C9E253C74E300F03185 /* NetworkLayer.framework in Embed Frameworks */ = {isa = PBXBuildFile; fileRef = 8FE60C9C253C74E300F03185 /* NetworkLayer.framework */; settings = {ATTRIBUTES = (CodeSignOnCopy, RemoveHeadersOnCopy, ); }; };
		B0B3D78B496E046FF4BD18E2 /* Pods_Movies_MoviesTests.framework in Frameworks */ = {isa = PBXBuildFile; fileRef = 3349451015711B885BDE946D /* Pods_Movies_MoviesTests.framework */; };
		DCC94FB517A1DB51524D9D53 /* Pods_Movies.framework in Frameworks */ = {isa = PBXBuildFile; fileRef = F96860FBE3FAA6449D3EE8C2 /* Pods_Movies.framework */; };
/* End PBXBuildFile section */

/* Begin PBXContainerItemProxy section */
		8F611AAD253BB88100F6A281 /* PBXContainerItemProxy */ = {
			isa = PBXContainerItemProxy;
			containerPortal = 8F611A99253BB88100F6A281 /* Project object */;
			proxyType = 1;
			remoteGlobalIDString = 8F611AA1253BB88100F6A281;
			remoteInfo = Movies;
		};
/* End PBXContainerItemProxy section */

/* Begin PBXCopyFilesBuildPhase section */
		8FE60C9A253C74DF00F03185 /* Embed Frameworks */ = {
			isa = PBXCopyFilesBuildPhase;
			buildActionMask = 2147483647;
			dstPath = "";
			dstSubfolderSpec = 10;
			files = (
				8FE60C99253C74DF00F03185 /* Models.framework in Embed Frameworks */,
				8FE60C9E253C74E300F03185 /* NetworkLayer.framework in Embed Frameworks */,
			);
			name = "Embed Frameworks";
			runOnlyForDeploymentPostprocessing = 0;
		};
/* End PBXCopyFilesBuildPhase section */

/* Begin PBXFileReference section */
		21D79CB8A16135ABCB18D342 /* Pods-Movies.debug.xcconfig */ = {isa = PBXFileReference; includeInIndex = 1; lastKnownFileType = text.xcconfig; name = "Pods-Movies.debug.xcconfig"; path = "Target Support Files/Pods-Movies/Pods-Movies.debug.xcconfig"; sourceTree = "<group>"; };
		26274386F9E54148814AFB63 /* Pods-Movies.release.xcconfig */ = {isa = PBXFileReference; includeInIndex = 1; lastKnownFileType = text.xcconfig; name = "Pods-Movies.release.xcconfig"; path = "Target Support Files/Pods-Movies/Pods-Movies.release.xcconfig"; sourceTree = "<group>"; };
		3349451015711B885BDE946D /* Pods_Movies_MoviesTests.framework */ = {isa = PBXFileReference; explicitFileType = wrapper.framework; includeInIndex = 0; path = Pods_Movies_MoviesTests.framework; sourceTree = BUILT_PRODUCTS_DIR; };
		7453B7111760BB33ABFFF7CF /* Pods-Movies-MoviesTests.release.xcconfig */ = {isa = PBXFileReference; includeInIndex = 1; lastKnownFileType = text.xcconfig; name = "Pods-Movies-MoviesTests.release.xcconfig"; path = "Target Support Files/Pods-Movies-MoviesTests/Pods-Movies-MoviesTests.release.xcconfig"; sourceTree = "<group>"; };
		8F611AA2253BB88100F6A281 /* Movies.framework */ = {isa = PBXFileReference; explicitFileType = wrapper.framework; includeInIndex = 0; path = Movies.framework; sourceTree = BUILT_PRODUCTS_DIR; };
		8F611AA6253BB88100F6A281 /* Info.plist */ = {isa = PBXFileReference; lastKnownFileType = text.plist.xml; path = Info.plist; sourceTree = "<group>"; };
		8F611AAB253BB88100F6A281 /* MoviesTests.xctest */ = {isa = PBXFileReference; explicitFileType = wrapper.cfbundle; includeInIndex = 0; path = MoviesTests.xctest; sourceTree = BUILT_PRODUCTS_DIR; };
		8F611AB0253BB88100F6A281 /* MoviesTests.swift */ = {isa = PBXFileReference; lastKnownFileType = sourcecode.swift; path = MoviesTests.swift; sourceTree = "<group>"; };
		8F611AB2253BB88100F6A281 /* Info.plist */ = {isa = PBXFileReference; lastKnownFileType = text.plist.xml; path = Info.plist; sourceTree = "<group>"; };
		8F611B43253BB8C500F6A281 /* MoviesView.swift */ = {isa = PBXFileReference; fileEncoding = 4; lastKnownFileType = sourcecode.swift; path = MoviesView.swift; sourceTree = "<group>"; };
		8FE60C65253C6C1400F03185 /* MoviesViewModel.swift */ = {isa = PBXFileReference; lastKnownFileType = sourcecode.swift; path = MoviesViewModel.swift; sourceTree = "<group>"; };
		8FE60C97253C74DF00F03185 /* Models.framework */ = {isa = PBXFileReference; explicitFileType = wrapper.framework; path = Models.framework; sourceTree = BUILT_PRODUCTS_DIR; };
		8FE60C9C253C74E300F03185 /* NetworkLayer.framework */ = {isa = PBXFileReference; explicitFileType = wrapper.framework; path = NetworkLayer.framework; sourceTree = BUILT_PRODUCTS_DIR; };
		A7EA0259C13AB49C9C05B526 /* Pods-Movies-MoviesTests.debug.xcconfig */ = {isa = PBXFileReference; includeInIndex = 1; lastKnownFileType = text.xcconfig; name = "Pods-Movies-MoviesTests.debug.xcconfig"; path = "Target Support Files/Pods-Movies-MoviesTests/Pods-Movies-MoviesTests.debug.xcconfig"; sourceTree = "<group>"; };
		F96860FBE3FAA6449D3EE8C2 /* Pods_Movies.framework */ = {isa = PBXFileReference; explicitFileType = wrapper.framework; includeInIndex = 0; path = Pods_Movies.framework; sourceTree = BUILT_PRODUCTS_DIR; };
/* End PBXFileReference section */

/* Begin PBXFrameworksBuildPhase section */
		8F611A9F253BB88100F6A281 /* Frameworks */ = {
			isa = PBXFrameworksBuildPhase;
			buildActionMask = 2147483647;
			files = (
				8FE60C98253C74DF00F03185 /* Models.framework in Frameworks */,
				8FE60C9D253C74E300F03185 /* NetworkLayer.framework in Frameworks */,
				DCC94FB517A1DB51524D9D53 /* Pods_Movies.framework in Frameworks */,
			);
			runOnlyForDeploymentPostprocessing = 0;
		};
		8F611AA8253BB88100F6A281 /* Frameworks */ = {
			isa = PBXFrameworksBuildPhase;
			buildActionMask = 2147483647;
			files = (
				8F611AAC253BB88100F6A281 /* Movies.framework in Frameworks */,
				B0B3D78B496E046FF4BD18E2 /* Pods_Movies_MoviesTests.framework in Frameworks */,
			);
			runOnlyForDeploymentPostprocessing = 0;
		};
/* End PBXFrameworksBuildPhase section */

/* Begin PBXGroup section */
		54D103DCFF0A3F441F443D76 /* Pods */ = {
			isa = PBXGroup;
			children = (
				21D79CB8A16135ABCB18D342 /* Pods-Movies.debug.xcconfig */,
				26274386F9E54148814AFB63 /* Pods-Movies.release.xcconfig */,
				A7EA0259C13AB49C9C05B526 /* Pods-Movies-MoviesTests.debug.xcconfig */,
				7453B7111760BB33ABFFF7CF /* Pods-Movies-MoviesTests.release.xcconfig */,
			);
			name = Pods;
			path = ../../Pods;
			sourceTree = "<group>";
		};
		8F611A98253BB88100F6A281 = {
			isa = PBXGroup;
			children = (
				8F611AA4253BB88100F6A281 /* Movies */,
				8F611AAF253BB88100F6A281 /* MoviesTests */,
				8F611AA3253BB88100F6A281 /* Products */,
				8FE60C96253C74DF00F03185 /* Frameworks */,
				54D103DCFF0A3F441F443D76 /* Pods */,
			);
			sourceTree = "<group>";
		};
		8F611AA3253BB88100F6A281 /* Products */ = {
			isa = PBXGroup;
			children = (
				8F611AA2253BB88100F6A281 /* Movies.framework */,
				8F611AAB253BB88100F6A281 /* MoviesTests.xctest */,
			);
			name = Products;
			sourceTree = "<group>";
		};
		8F611AA4253BB88100F6A281 /* Movies */ = {
			isa = PBXGroup;
			children = (
				8F611B43253BB8C500F6A281 /* MoviesView.swift */,
				8FE60C65253C6C1400F03185 /* MoviesViewModel.swift */,
				8F611AA6253BB88100F6A281 /* Info.plist */,
			);
			path = Movies;
			sourceTree = "<group>";
		};
		8F611AAF253BB88100F6A281 /* MoviesTests */ = {
			isa = PBXGroup;
			children = (
				8F611AB0253BB88100F6A281 /* MoviesTests.swift */,
				8F611AB2253BB88100F6A281 /* Info.plist */,
			);
			path = MoviesTests;
			sourceTree = "<group>";
		};
		8FE60C96253C74DF00F03185 /* Frameworks */ = {
			isa = PBXGroup;
			children = (
				8FE60C9C253C74E300F03185 /* NetworkLayer.framework */,
				8FE60C97253C74DF00F03185 /* Models.framework */,
				F96860FBE3FAA6449D3EE8C2 /* Pods_Movies.framework */,
				3349451015711B885BDE946D /* Pods_Movies_MoviesTests.framework */,
			);
			name = Frameworks;
			sourceTree = "<group>";
		};
/* End PBXGroup section */

/* Begin PBXHeadersBuildPhase section */
		8F611A9D253BB88100F6A281 /* Headers */ = {
			isa = PBXHeadersBuildPhase;
			buildActionMask = 2147483647;
			files = (
			);
			runOnlyForDeploymentPostprocessing = 0;
		};
/* End PBXHeadersBuildPhase section */

/* Begin PBXNativeTarget section */
		8F611AA1253BB88100F6A281 /* Movies */ = {
			isa = PBXNativeTarget;
			buildConfigurationList = 8F611AB6253BB88100F6A281 /* Build configuration list for PBXNativeTarget "Movies" */;
			buildPhases = (
				40760925F7428B0FEDEDCEA4 /* [CP] Check Pods Manifest.lock */,
				8F611A9D253BB88100F6A281 /* Headers */,
				8F611A9E253BB88100F6A281 /* Sources */,
				8F611A9F253BB88100F6A281 /* Frameworks */,
				8F611AA0253BB88100F6A281 /* Resources */,
				8FE60C9A253C74DF00F03185 /* Embed Frameworks */,
			);
			buildRules = (
			);
			dependencies = (
			);
			name = Movies;
			productName = Movies;
			productReference = 8F611AA2253BB88100F6A281 /* Movies.framework */;
			productType = "com.apple.product-type.framework";
		};
		8F611AAA253BB88100F6A281 /* MoviesTests */ = {
			isa = PBXNativeTarget;
			buildConfigurationList = 8F611AB9253BB88100F6A281 /* Build configuration list for PBXNativeTarget "MoviesTests" */;
			buildPhases = (
				B4BF123B44D7691A939EDB2D /* [CP] Check Pods Manifest.lock */,
				8F611AA7253BB88100F6A281 /* Sources */,
				8F611AA8253BB88100F6A281 /* Frameworks */,
				8F611AA9253BB88100F6A281 /* Resources */,
				9AA56D247DF656993FD67C8A /* [CP] Embed Pods Frameworks */,
			);
			buildRules = (
			);
			dependencies = (
				8F611AAE253BB88100F6A281 /* PBXTargetDependency */,
			);
			name = MoviesTests;
			productName = MoviesTests;
			productReference = 8F611AAB253BB88100F6A281 /* MoviesTests.xctest */;
			productType = "com.apple.product-type.bundle.unit-test";
		};
/* End PBXNativeTarget section */

/* Begin PBXProject section */
		8F611A99253BB88100F6A281 /* Project object */ = {
			isa = PBXProject;
			attributes = {
				LastSwiftUpdateCheck = 1200;
				LastUpgradeCheck = 1200;
				TargetAttributes = {
					8F611AA1253BB88100F6A281 = {
						CreatedOnToolsVersion = 12.0.1;
						LastSwiftMigration = 1200;
					};
					8F611AAA253BB88100F6A281 = {
						CreatedOnToolsVersion = 12.0.1;
					};
				};
			};
			buildConfigurationList = 8F611A9C253BB88100F6A281 /* Build configuration list for PBXProject "Movies" */;
			compatibilityVersion = "Xcode 9.3";
			developmentRegion = en;
			hasScannedForEncodings = 0;
			knownRegions = (
				en,
				Base,
			);
			mainGroup = 8F611A98253BB88100F6A281;
			productRefGroup = 8F611AA3253BB88100F6A281 /* Products */;
			projectDirPath = "";
			projectRoot = "";
			targets = (
				8F611AA1253BB88100F6A281 /* Movies */,
				8F611AAA253BB88100F6A281 /* MoviesTests */,
			);
		};
/* End PBXProject section */

/* Begin PBXResourcesBuildPhase section */
		8F611AA0253BB88100F6A281 /* Resources */ = {
			isa = PBXResourcesBuildPhase;
			buildActionMask = 2147483647;
			files = (
			);
			runOnlyForDeploymentPostprocessing = 0;
		};
		8F611AA9253BB88100F6A281 /* Resources */ = {
			isa = PBXResourcesBuildPhase;
			buildActionMask = 2147483647;
			files = (
			);
			runOnlyForDeploymentPostprocessing = 0;
		};
/* End PBXResourcesBuildPhase section */

/* Begin PBXShellScriptBuildPhase section */
		40760925F7428B0FEDEDCEA4 /* [CP] Check Pods Manifest.lock */ = {
			isa = PBXShellScriptBuildPhase;
			buildActionMask = 2147483647;
			files = (
			);
			inputFileListPaths = (
			);
			inputPaths = (
				"${PODS_PODFILE_DIR_PATH}/Podfile.lock",
				"${PODS_ROOT}/Manifest.lock",
			);
			name = "[CP] Check Pods Manifest.lock";
			outputFileListPaths = (
			);
			outputPaths = (
				"$(DERIVED_FILE_DIR)/Pods-Movies-checkManifestLockResult.txt",
			);
			runOnlyForDeploymentPostprocessing = 0;
			shellPath = /bin/sh;
			shellScript = "diff \"${PODS_PODFILE_DIR_PATH}/Podfile.lock\" \"${PODS_ROOT}/Manifest.lock\" > /dev/null\nif [ $? != 0 ] ; then\n    # print error to STDERR\n    echo \"error: The sandbox is not in sync with the Podfile.lock. Run 'pod install' or update your CocoaPods installation.\" >&2\n    exit 1\nfi\n# This output is used by Xcode 'outputs' to avoid re-running this script phase.\necho \"SUCCESS\" > \"${SCRIPT_OUTPUT_FILE_0}\"\n";
			showEnvVarsInLog = 0;
		};
		9AA56D247DF656993FD67C8A /* [CP] Embed Pods Frameworks */ = {
			isa = PBXShellScriptBuildPhase;
			buildActionMask = 2147483647;
			files = (
			);
			inputFileListPaths = (
				"${PODS_ROOT}/Target Support Files/Pods-Movies-MoviesTests/Pods-Movies-MoviesTests-frameworks-${CONFIGURATION}-input-files.xcfilelist",
			);
			name = "[CP] Embed Pods Frameworks";
			outputFileListPaths = (
				"${PODS_ROOT}/Target Support Files/Pods-Movies-MoviesTests/Pods-Movies-MoviesTests-frameworks-${CONFIGURATION}-output-files.xcfilelist",
			);
			runOnlyForDeploymentPostprocessing = 0;
			shellPath = /bin/sh;
			shellScript = "\"${PODS_ROOT}/Target Support Files/Pods-Movies-MoviesTests/Pods-Movies-MoviesTests-frameworks.sh\"\n";
			showEnvVarsInLog = 0;
		};
		B4BF123B44D7691A939EDB2D /* [CP] Check Pods Manifest.lock */ = {
			isa = PBXShellScriptBuildPhase;
			buildActionMask = 2147483647;
			files = (
			);
			inputFileListPaths = (
			);
			inputPaths = (
				"${PODS_PODFILE_DIR_PATH}/Podfile.lock",
				"${PODS_ROOT}/Manifest.lock",
			);
			name = "[CP] Check Pods Manifest.lock";
			outputFileListPaths = (
			);
			outputPaths = (
				"$(DERIVED_FILE_DIR)/Pods-Movies-MoviesTests-checkManifestLockResult.txt",
			);
			runOnlyForDeploymentPostprocessing = 0;
			shellPath = /bin/sh;
			shellScript = "diff \"${PODS_PODFILE_DIR_PATH}/Podfile.lock\" \"${PODS_ROOT}/Manifest.lock\" > /dev/null\nif [ $? != 0 ] ; then\n    # print error to STDERR\n    echo \"error: The sandbox is not in sync with the Podfile.lock. Run 'pod install' or update your CocoaPods installation.\" >&2\n    exit 1\nfi\n# This output is used by Xcode 'outputs' to avoid re-running this script phase.\necho \"SUCCESS\" > \"${SCRIPT_OUTPUT_FILE_0}\"\n";
			showEnvVarsInLog = 0;
		};
/* End PBXShellScriptBuildPhase section */

/* Begin PBXSourcesBuildPhase section */
		8F611A9E253BB88100F6A281 /* Sources */ = {
			isa = PBXSourcesBuildPhase;
			buildActionMask = 2147483647;
			files = (
				8F611B44253BB8C500F6A281 /* MoviesView.swift in Sources */,
				8FE60C66253C6C1400F03185 /* MoviesViewModel.swift in Sources */,
			);
			runOnlyForDeploymentPostprocessing = 0;
		};
		8F611AA7253BB88100F6A281 /* Sources */ = {
			isa = PBXSourcesBuildPhase;
			buildActionMask = 2147483647;
			files = (
				8F611AB1253BB88100F6A281 /* MoviesTests.swift in Sources */,
			);
			runOnlyForDeploymentPostprocessing = 0;
		};
/* End PBXSourcesBuildPhase section */

/* Begin PBXTargetDependency section */
		8F611AAE253BB88100F6A281 /* PBXTargetDependency */ = {
			isa = PBXTargetDependency;
			target = 8F611AA1253BB88100F6A281 /* Movies */;
			targetProxy = 8F611AAD253BB88100F6A281 /* PBXContainerItemProxy */;
		};
/* End PBXTargetDependency section */

/* Begin XCBuildConfiguration section */
		8F611AB4253BB88100F6A281 /* Debug */ = {
			isa = XCBuildConfiguration;
			buildSettings = {
				ALWAYS_SEARCH_USER_PATHS = NO;
				CLANG_ANALYZER_NONNULL = YES;
				CLANG_ANALYZER_NUMBER_OBJECT_CONVERSION = YES_AGGRESSIVE;
				CLANG_CXX_LANGUAGE_STANDARD = "gnu++14";
				CLANG_CXX_LIBRARY = "libc++";
				CLANG_ENABLE_MODULES = YES;
				CLANG_ENABLE_OBJC_ARC = YES;
				CLANG_ENABLE_OBJC_WEAK = YES;
				CLANG_WARN_BLOCK_CAPTURE_AUTORELEASING = YES;
				CLANG_WARN_BOOL_CONVERSION = YES;
				CLANG_WARN_COMMA = YES;
				CLANG_WARN_CONSTANT_CONVERSION = YES;
				CLANG_WARN_DEPRECATED_OBJC_IMPLEMENTATIONS = YES;
				CLANG_WARN_DIRECT_OBJC_ISA_USAGE = YES_ERROR;
				CLANG_WARN_DOCUMENTATION_COMMENTS = YES;
				CLANG_WARN_EMPTY_BODY = YES;
				CLANG_WARN_ENUM_CONVERSION = YES;
				CLANG_WARN_INFINITE_RECURSION = YES;
				CLANG_WARN_INT_CONVERSION = YES;
				CLANG_WARN_NON_LITERAL_NULL_CONVERSION = YES;
				CLANG_WARN_OBJC_IMPLICIT_RETAIN_SELF = YES;
				CLANG_WARN_OBJC_LITERAL_CONVERSION = YES;
				CLANG_WARN_OBJC_ROOT_CLASS = YES_ERROR;
				CLANG_WARN_QUOTED_INCLUDE_IN_FRAMEWORK_HEADER = YES;
				CLANG_WARN_RANGE_LOOP_ANALYSIS = YES;
				CLANG_WARN_STRICT_PROTOTYPES = YES;
				CLANG_WARN_SUSPICIOUS_MOVE = YES;
				CLANG_WARN_UNGUARDED_AVAILABILITY = YES_AGGRESSIVE;
				CLANG_WARN_UNREACHABLE_CODE = YES;
				CLANG_WARN__DUPLICATE_METHOD_MATCH = YES;
				COPY_PHASE_STRIP = NO;
				CURRENT_PROJECT_VERSION = 1;
				DEBUG_INFORMATION_FORMAT = dwarf;
				ENABLE_STRICT_OBJC_MSGSEND = YES;
				ENABLE_TESTABILITY = YES;
				GCC_C_LANGUAGE_STANDARD = gnu11;
				GCC_DYNAMIC_NO_PIC = NO;
				GCC_NO_COMMON_BLOCKS = YES;
				GCC_OPTIMIZATION_LEVEL = 0;
				GCC_PREPROCESSOR_DEFINITIONS = (
					"DEBUG=1",
					"$(inherited)",
				);
				GCC_WARN_64_TO_32_BIT_CONVERSION = YES;
				GCC_WARN_ABOUT_RETURN_TYPE = YES_ERROR;
				GCC_WARN_UNDECLARED_SELECTOR = YES;
				GCC_WARN_UNINITIALIZED_AUTOS = YES_AGGRESSIVE;
				GCC_WARN_UNUSED_FUNCTION = YES;
				GCC_WARN_UNUSED_VARIABLE = YES;
				IPHONEOS_DEPLOYMENT_TARGET = 14.0;
				MTL_ENABLE_DEBUG_INFO = INCLUDE_SOURCE;
				MTL_FAST_MATH = YES;
				ONLY_ACTIVE_ARCH = YES;
				SDKROOT = iphoneos;
				SWIFT_ACTIVE_COMPILATION_CONDITIONS = DEBUG;
				SWIFT_OPTIMIZATION_LEVEL = "-Onone";
				VERSIONING_SYSTEM = "apple-generic";
				VERSION_INFO_PREFIX = "";
			};
			name = Debug;
		};
		8F611AB5253BB88100F6A281 /* Release */ = {
			isa = XCBuildConfiguration;
			buildSettings = {
				ALWAYS_SEARCH_USER_PATHS = NO;
				CLANG_ANALYZER_NONNULL = YES;
				CLANG_ANALYZER_NUMBER_OBJECT_CONVERSION = YES_AGGRESSIVE;
				CLANG_CXX_LANGUAGE_STANDARD = "gnu++14";
				CLANG_CXX_LIBRARY = "libc++";
				CLANG_ENABLE_MODULES = YES;
				CLANG_ENABLE_OBJC_ARC = YES;
				CLANG_ENABLE_OBJC_WEAK = YES;
				CLANG_WARN_BLOCK_CAPTURE_AUTORELEASING = YES;
				CLANG_WARN_BOOL_CONVERSION = YES;
				CLANG_WARN_COMMA = YES;
				CLANG_WARN_CONSTANT_CONVERSION = YES;
				CLANG_WARN_DEPRECATED_OBJC_IMPLEMENTATIONS = YES;
				CLANG_WARN_DIRECT_OBJC_ISA_USAGE = YES_ERROR;
				CLANG_WARN_DOCUMENTATION_COMMENTS = YES;
				CLANG_WARN_EMPTY_BODY = YES;
				CLANG_WARN_ENUM_CONVERSION = YES;
				CLANG_WARN_INFINITE_RECURSION = YES;
				CLANG_WARN_INT_CONVERSION = YES;
				CLANG_WARN_NON_LITERAL_NULL_CONVERSION = YES;
				CLANG_WARN_OBJC_IMPLICIT_RETAIN_SELF = YES;
				CLANG_WARN_OBJC_LITERAL_CONVERSION = YES;
				CLANG_WARN_OBJC_ROOT_CLASS = YES_ERROR;
				CLANG_WARN_QUOTED_INCLUDE_IN_FRAMEWORK_HEADER = YES;
				CLANG_WARN_RANGE_LOOP_ANALYSIS = YES;
				CLANG_WARN_STRICT_PROTOTYPES = YES;
				CLANG_WARN_SUSPICIOUS_MOVE = YES;
				CLANG_WARN_UNGUARDED_AVAILABILITY = YES_AGGRESSIVE;
				CLANG_WARN_UNREACHABLE_CODE = YES;
				CLANG_WARN__DUPLICATE_METHOD_MATCH = YES;
				COPY_PHASE_STRIP = NO;
				CURRENT_PROJECT_VERSION = 1;
				DEBUG_INFORMATION_FORMAT = "dwarf-with-dsym";
				ENABLE_NS_ASSERTIONS = NO;
				ENABLE_STRICT_OBJC_MSGSEND = YES;
				GCC_C_LANGUAGE_STANDARD = gnu11;
				GCC_NO_COMMON_BLOCKS = YES;
				GCC_WARN_64_TO_32_BIT_CONVERSION = YES;
				GCC_WARN_ABOUT_RETURN_TYPE = YES_ERROR;
				GCC_WARN_UNDECLARED_SELECTOR = YES;
				GCC_WARN_UNINITIALIZED_AUTOS = YES_AGGRESSIVE;
				GCC_WARN_UNUSED_FUNCTION = YES;
				GCC_WARN_UNUSED_VARIABLE = YES;
				IPHONEOS_DEPLOYMENT_TARGET = 14.0;
				MTL_ENABLE_DEBUG_INFO = NO;
				MTL_FAST_MATH = YES;
				SDKROOT = iphoneos;
				SWIFT_COMPILATION_MODE = wholemodule;
				SWIFT_OPTIMIZATION_LEVEL = "-O";
				VALIDATE_PRODUCT = YES;
				VERSIONING_SYSTEM = "apple-generic";
				VERSION_INFO_PREFIX = "";
			};
			name = Release;
		};
		8F611AB7253BB88100F6A281 /* Debug */ = {
			isa = XCBuildConfiguration;
			baseConfigurationReference = 21D79CB8A16135ABCB18D342 /* Pods-Movies.debug.xcconfig */;
			buildSettings = {
				CLANG_ENABLE_MODULES = YES;
				CODE_SIGN_STYLE = Automatic;
				DEFINES_MODULE = YES;
				DYLIB_COMPATIBILITY_VERSION = 1;
				DYLIB_CURRENT_VERSION = 1;
				DYLIB_INSTALL_NAME_BASE = "@rpath";
				INFOPLIST_FILE = Movies/Info.plist;
				INSTALL_PATH = "$(LOCAL_LIBRARY_DIR)/Frameworks";
				LD_RUNPATH_SEARCH_PATHS = (
					"$(inherited)",
					"@executable_path/Frameworks",
					"@loader_path/Frameworks",
				);
				PRODUCT_BUNDLE_IDENTIFIER = deda9.Movies;
				PRODUCT_NAME = "$(TARGET_NAME:c99extidentifier)";
				SKIP_INSTALL = YES;
				SWIFT_OPTIMIZATION_LEVEL = "-Onone";
				SWIFT_VERSION = 5.0;
				TARGETED_DEVICE_FAMILY = "1,2";
			};
			name = Debug;
		};
		8F611AB8253BB88100F6A281 /* Release */ = {
			isa = XCBuildConfiguration;
			baseConfigurationReference = 26274386F9E54148814AFB63 /* Pods-Movies.release.xcconfig */;
			buildSettings = {
				CLANG_ENABLE_MODULES = YES;
				CODE_SIGN_STYLE = Automatic;
				DEFINES_MODULE = YES;
				DYLIB_COMPATIBILITY_VERSION = 1;
				DYLIB_CURRENT_VERSION = 1;
				DYLIB_INSTALL_NAME_BASE = "@rpath";
				INFOPLIST_FILE = Movies/Info.plist;
				INSTALL_PATH = "$(LOCAL_LIBRARY_DIR)/Frameworks";
				LD_RUNPATH_SEARCH_PATHS = (
					"$(inherited)",
					"@executable_path/Frameworks",
					"@loader_path/Frameworks",
				);
				PRODUCT_BUNDLE_IDENTIFIER = deda9.Movies;
				PRODUCT_NAME = "$(TARGET_NAME:c99extidentifier)";
				SKIP_INSTALL = YES;
				SWIFT_VERSION = 5.0;
				TARGETED_DEVICE_FAMILY = "1,2";
			};
			name = Release;
		};
		8F611ABA253BB88100F6A281 /* Debug */ = {
			isa = XCBuildConfiguration;
			baseConfigurationReference = A7EA0259C13AB49C9C05B526 /* Pods-Movies-MoviesTests.debug.xcconfig */;
			buildSettings = {
				ALWAYS_EMBED_SWIFT_STANDARD_LIBRARIES = YES;
				CODE_SIGN_STYLE = Automatic;
				INFOPLIST_FILE = MoviesTests/Info.plist;
				LD_RUNPATH_SEARCH_PATHS = (
					"$(inherited)",
					"@executable_path/Frameworks",
					"@loader_path/Frameworks",
				);
				PRODUCT_BUNDLE_IDENTIFIER = deda9.MoviesTests;
				PRODUCT_NAME = "$(TARGET_NAME)";
				SWIFT_VERSION = 5.0;
				TARGETED_DEVICE_FAMILY = "1,2";
			};
			name = Debug;
		};
		8F611ABB253BB88100F6A281 /* Release */ = {
			isa = XCBuildConfiguration;
			baseConfigurationReference = 7453B7111760BB33ABFFF7CF /* Pods-Movies-MoviesTests.release.xcconfig */;
			buildSettings = {
				ALWAYS_EMBED_SWIFT_STANDARD_LIBRARIES = YES;
				CODE_SIGN_STYLE = Automatic;
				INFOPLIST_FILE = MoviesTests/Info.plist;
				LD_RUNPATH_SEARCH_PATHS = (
					"$(inherited)",
					"@executable_path/Frameworks",
					"@loader_path/Frameworks",
				);
				PRODUCT_BUNDLE_IDENTIFIER = deda9.MoviesTests;
				PRODUCT_NAME = "$(TARGET_NAME)";
				SWIFT_VERSION = 5.0;
				TARGETED_DEVICE_FAMILY = "1,2";
			};
			name = Release;
		};
/* End XCBuildConfiguration section */

/* Begin XCConfigurationList section */
		8F611A9C253BB88100F6A281 /* Build configuration list for PBXProject "Movies" */ = {
			isa = XCConfigurationList;
			buildConfigurations = (
				8F611AB4253BB88100F6A281 /* Debug */,
				8F611AB5253BB88100F6A281 /* Release */,
			);
			defaultConfigurationIsVisible = 0;
			defaultConfigurationName = Release;
		};
		8F611AB6253BB88100F6A281 /* Build configuration list for PBXNativeTarget "Movies" */ = {
			isa = XCConfigurationList;
			buildConfigurations = (
				8F611AB7253BB88100F6A281 /* Debug */,
				8F611AB8253BB88100F6A281 /* Release */,
			);
			defaultConfigurationIsVisible = 0;
			defaultConfigurationName = Release;
		};
		8F611AB9253BB88100F6A281 /* Build configuration list for PBXNativeTarget "MoviesTests" */ = {
			isa = XCConfigurationList;
			buildConfigurations = (
				8F611ABA253BB88100F6A281 /* Debug */,
				8F611ABB253BB88100F6A281 /* Release */,
			);
			defaultConfigurationIsVisible = 0;
			defaultConfigurationName = Release;
		};
/* End XCConfigurationList section */
	};
	rootObject = 8F611A99253BB88100F6A281 /* Project object */;
}
