// !$*UTF8*$!
{
	archiveVersion = 1;
	classes = {
	};
	objectVersion = 50;
	objects = {

/* Begin PBXBuildFile section */
		8FCB81282475227F000A0EB9 /* AppDelegate.swift in Sources */ = {isa = PBXBuildFile; fileRef = 8FCB81272475227F000A0EB9 /* AppDelegate.swift */; };
		8FCB812A2475227F000A0EB9 /* SceneDelegate.swift in Sources */ = {isa = PBXBuildFile; fileRef = 8FCB81292475227F000A0EB9 /* SceneDelegate.swift */; };
		8FCB812C2475227F000A0EB9 /* ContentView.swift in Sources */ = {isa = PBXBuildFile; fileRef = 8FCB812B2475227F000A0EB9 /* ContentView.swift */; };
		8FCB812E24752280000A0EB9 /* Assets.xcassets in Resources */ = {isa = PBXBuildFile; fileRef = 8FCB812D24752280000A0EB9 /* Assets.xcassets */; };
		8FCB813124752280000A0EB9 /* Preview Assets.xcassets in Resources */ = {isa = PBXBuildFile; fileRef = 8FCB813024752280000A0EB9 /* Preview Assets.xcassets */; };
		8FCB813424752280000A0EB9 /* LaunchScreen.storyboard in Resources */ = {isa = PBXBuildFile; fileRef = 8FCB813224752280000A0EB9 /* LaunchScreen.storyboard */; };
		8FCB813F24752281000A0EB9 /* MovizySwiftUITests.swift in Sources */ = {isa = PBXBuildFile; fileRef = 8FCB813E24752281000A0EB9 /* MovizySwiftUITests.swift */; };
		8FCB814A24752281000A0EB9 /* MovizySwiftUIUITests.swift in Sources */ = {isa = PBXBuildFile; fileRef = 8FCB814924752281000A0EB9 /* MovizySwiftUIUITests.swift */; };
/* End PBXBuildFile section */

/* Begin PBXContainerItemProxy section */
		8FCB813B24752281000A0EB9 /* PBXContainerItemProxy */ = {
			isa = PBXContainerItemProxy;
			containerPortal = 8FCB811C2475227F000A0EB9 /* Project object */;
			proxyType = 1;
			remoteGlobalIDString = 8FCB81232475227F000A0EB9;
			remoteInfo = MovizySwiftUI;
		};
		8FCB814624752281000A0EB9 /* PBXContainerItemProxy */ = {
			isa = PBXContainerItemProxy;
			containerPortal = 8FCB811C2475227F000A0EB9 /* Project object */;
			proxyType = 1;
			remoteGlobalIDString = 8FCB81232475227F000A0EB9;
			remoteInfo = MovizySwiftUI;
		};
/* End PBXContainerItemProxy section */

/* Begin PBXFileReference section */
		8FCB81242475227F000A0EB9 /* MovizySwiftUI.app */ = {isa = PBXFileReference; explicitFileType = wrapper.application; includeInIndex = 0; path = MovizySwiftUI.app; sourceTree = BUILT_PRODUCTS_DIR; };
		8FCB81272475227F000A0EB9 /* AppDelegate.swift */ = {isa = PBXFileReference; lastKnownFileType = sourcecode.swift; path = AppDelegate.swift; sourceTree = "<group>"; };
		8FCB81292475227F000A0EB9 /* SceneDelegate.swift */ = {isa = PBXFileReference; lastKnownFileType = sourcecode.swift; path = SceneDelegate.swift; sourceTree = "<group>"; };
		8FCB812B2475227F000A0EB9 /* ContentView.swift */ = {isa = PBXFileReference; lastKnownFileType = sourcecode.swift; path = ContentView.swift; sourceTree = "<group>"; };
		8FCB812D24752280000A0EB9 /* Assets.xcassets */ = {isa = PBXFileReference; lastKnownFileType = folder.assetcatalog; path = Assets.xcassets; sourceTree = "<group>"; };
		8FCB813024752280000A0EB9 /* Preview Assets.xcassets */ = {isa = PBXFileReference; lastKnownFileType = folder.assetcatalog; path = "Preview Assets.xcassets"; sourceTree = "<group>"; };
		8FCB813324752280000A0EB9 /* Base */ = {isa = PBXFileReference; lastKnownFileType = file.storyboard; name = Base; path = Base.lproj/LaunchScreen.storyboard; sourceTree = "<group>"; };
		8FCB813524752280000A0EB9 /* Info.plist */ = {isa = PBXFileReference; lastKnownFileType = text.plist.xml; path = Info.plist; sourceTree = "<group>"; };
		8FCB813A24752281000A0EB9 /* MovizySwiftUITests.xctest */ = {isa = PBXFileReference; explicitFileType = wrapper.cfbundle; includeInIndex = 0; path = MovizySwiftUITests.xctest; sourceTree = BUILT_PRODUCTS_DIR; };
		8FCB813E24752281000A0EB9 /* MovizySwiftUITests.swift */ = {isa = PBXFileReference; lastKnownFileType = sourcecode.swift; path = MovizySwiftUITests.swift; sourceTree = "<group>"; };
		8FCB814024752281000A0EB9 /* Info.plist */ = {isa = PBXFileReference; lastKnownFileType = text.plist.xml; path = Info.plist; sourceTree = "<group>"; };
		8FCB814524752281000A0EB9 /* MovizySwiftUIUITests.xctest */ = {isa = PBXFileReference; explicitFileType = wrapper.cfbundle; includeInIndex = 0; path = MovizySwiftUIUITests.xctest; sourceTree = BUILT_PRODUCTS_DIR; };
		8FCB814924752281000A0EB9 /* MovizySwiftUIUITests.swift */ = {isa = PBXFileReference; lastKnownFileType = sourcecode.swift; path = MovizySwiftUIUITests.swift; sourceTree = "<group>"; };
		8FCB814B24752281000A0EB9 /* Info.plist */ = {isa = PBXFileReference; lastKnownFileType = text.plist.xml; path = Info.plist; sourceTree = "<group>"; };
/* End PBXFileReference section */

/* Begin PBXFrameworksBuildPhase section */
		8FCB81212475227F000A0EB9 /* Frameworks */ = {
			isa = PBXFrameworksBuildPhase;
			buildActionMask = 2147483647;
			files = (
			);
			runOnlyForDeploymentPostprocessing = 0;
		};
		8FCB813724752281000A0EB9 /* Frameworks */ = {
			isa = PBXFrameworksBuildPhase;
			buildActionMask = 2147483647;
			files = (
			);
			runOnlyForDeploymentPostprocessing = 0;
		};
		8FCB814224752281000A0EB9 /* Frameworks */ = {
			isa = PBXFrameworksBuildPhase;
			buildActionMask = 2147483647;
			files = (
			);
			runOnlyForDeploymentPostprocessing = 0;
		};
/* End PBXFrameworksBuildPhase section */

/* Begin PBXGroup section */
		8FCB811B2475227F000A0EB9 = {
			isa = PBXGroup;
			children = (
				8FCB81262475227F000A0EB9 /* MovizySwiftUI */,
				8FCB813D24752281000A0EB9 /* MovizySwiftUITests */,
				8FCB814824752281000A0EB9 /* MovizySwiftUIUITests */,
				8FCB81252475227F000A0EB9 /* Products */,
			);
			sourceTree = "<group>";
		};
		8FCB81252475227F000A0EB9 /* Products */ = {
			isa = PBXGroup;
			children = (
				8FCB81242475227F000A0EB9 /* MovizySwiftUI.app */,
				8FCB813A24752281000A0EB9 /* MovizySwiftUITests.xctest */,
				8FCB814524752281000A0EB9 /* MovizySwiftUIUITests.xctest */,
			);
			name = Products;
			sourceTree = "<group>";
		};
		8FCB81262475227F000A0EB9 /* MovizySwiftUI */ = {
			isa = PBXGroup;
			children = (
				8FCB81272475227F000A0EB9 /* AppDelegate.swift */,
				8FCB81292475227F000A0EB9 /* SceneDelegate.swift */,
				8FCB812B2475227F000A0EB9 /* ContentView.swift */,
				8FCB812D24752280000A0EB9 /* Assets.xcassets */,
				8FCB813224752280000A0EB9 /* LaunchScreen.storyboard */,
				8FCB813524752280000A0EB9 /* Info.plist */,
				8FCB812F24752280000A0EB9 /* Preview Content */,
			);
			path = MovizySwiftUI;
			sourceTree = "<group>";
		};
		8FCB812F24752280000A0EB9 /* Preview Content */ = {
			isa = PBXGroup;
			children = (
				8FCB813024752280000A0EB9 /* Preview Assets.xcassets */,
			);
			path = "Preview Content";
			sourceTree = "<group>";
		};
		8FCB813D24752281000A0EB9 /* MovizySwiftUITests */ = {
			isa = PBXGroup;
			children = (
				8FCB813E24752281000A0EB9 /* MovizySwiftUITests.swift */,
				8FCB814024752281000A0EB9 /* Info.plist */,
			);
			path = MovizySwiftUITests;
			sourceTree = "<group>";
		};
		8FCB814824752281000A0EB9 /* MovizySwiftUIUITests */ = {
			isa = PBXGroup;
			children = (
				8FCB814924752281000A0EB9 /* MovizySwiftUIUITests.swift */,
				8FCB814B24752281000A0EB9 /* Info.plist */,
			);
			path = MovizySwiftUIUITests;
			sourceTree = "<group>";
		};
/* End PBXGroup section */

/* Begin PBXNativeTarget section */
		8FCB81232475227F000A0EB9 /* MovizySwiftUI */ = {
			isa = PBXNativeTarget;
			buildConfigurationList = 8FCB814E24752281000A0EB9 /* Build configuration list for PBXNativeTarget "MovizySwiftUI" */;
			buildPhases = (
				8FCB81202475227F000A0EB9 /* Sources */,
				8FCB81212475227F000A0EB9 /* Frameworks */,
				8FCB81222475227F000A0EB9 /* Resources */,
			);
			buildRules = (
			);
			dependencies = (
			);
			name = MovizySwiftUI;
			productName = MovizySwiftUI;
			productReference = 8FCB81242475227F000A0EB9 /* MovizySwiftUI.app */;
			productType = "com.apple.product-type.application";
		};
		8FCB813924752281000A0EB9 /* MovizySwiftUITests */ = {
			isa = PBXNativeTarget;
			buildConfigurationList = 8FCB815124752281000A0EB9 /* Build configuration list for PBXNativeTarget "MovizySwiftUITests" */;
			buildPhases = (
				8FCB813624752281000A0EB9 /* Sources */,
				8FCB813724752281000A0EB9 /* Frameworks */,
				8FCB813824752281000A0EB9 /* Resources */,
			);
			buildRules = (
			);
			dependencies = (
				8FCB813C24752281000A0EB9 /* PBXTargetDependency */,
			);
			name = MovizySwiftUITests;
			productName = MovizySwiftUITests;
			productReference = 8FCB813A24752281000A0EB9 /* MovizySwiftUITests.xctest */;
			productType = "com.apple.product-type.bundle.unit-test";
		};
		8FCB814424752281000A0EB9 /* MovizySwiftUIUITests */ = {
			isa = PBXNativeTarget;
			buildConfigurationList = 8FCB815424752281000A0EB9 /* Build configuration list for PBXNativeTarget "MovizySwiftUIUITests" */;
			buildPhases = (
				8FCB814124752281000A0EB9 /* Sources */,
				8FCB814224752281000A0EB9 /* Frameworks */,
				8FCB814324752281000A0EB9 /* Resources */,
			);
			buildRules = (
			);
			dependencies = (
				8FCB814724752281000A0EB9 /* PBXTargetDependency */,
			);
			name = MovizySwiftUIUITests;
			productName = MovizySwiftUIUITests;
			productReference = 8FCB814524752281000A0EB9 /* MovizySwiftUIUITests.xctest */;
			productType = "com.apple.product-type.bundle.ui-testing";
		};
/* End PBXNativeTarget section */

/* Begin PBXProject section */
		8FCB811C2475227F000A0EB9 /* Project object */ = {
			isa = PBXProject;
			attributes = {
				LastSwiftUpdateCheck = 1140;
				LastUpgradeCheck = 1140;
				ORGANIZATIONNAME = Deda;
				TargetAttributes = {
					8FCB81232475227F000A0EB9 = {
						CreatedOnToolsVersion = 11.4;
					};
					8FCB813924752281000A0EB9 = {
						CreatedOnToolsVersion = 11.4;
						TestTargetID = 8FCB81232475227F000A0EB9;
					};
					8FCB814424752281000A0EB9 = {
						CreatedOnToolsVersion = 11.4;
						TestTargetID = 8FCB81232475227F000A0EB9;
					};
				};
			};
			buildConfigurationList = 8FCB811F2475227F000A0EB9 /* Build configuration list for PBXProject "MovizySwiftUI" */;
			compatibilityVersion = "Xcode 9.3";
			developmentRegion = en;
			hasScannedForEncodings = 0;
			knownRegions = (
				en,
				Base,
			);
			mainGroup = 8FCB811B2475227F000A0EB9;
			productRefGroup = 8FCB81252475227F000A0EB9 /* Products */;
			projectDirPath = "";
			projectRoot = "";
			targets = (
				8FCB81232475227F000A0EB9 /* MovizySwiftUI */,
				8FCB813924752281000A0EB9 /* MovizySwiftUITests */,
				8FCB814424752281000A0EB9 /* MovizySwiftUIUITests */,
			);
		};
/* End PBXProject section */

/* Begin PBXResourcesBuildPhase section */
		8FCB81222475227F000A0EB9 /* Resources */ = {
			isa = PBXResourcesBuildPhase;
			buildActionMask = 2147483647;
			files = (
				8FCB813424752280000A0EB9 /* LaunchScreen.storyboard in Resources */,
				8FCB813124752280000A0EB9 /* Preview Assets.xcassets in Resources */,
				8FCB812E24752280000A0EB9 /* Assets.xcassets in Resources */,
			);
			runOnlyForDeploymentPostprocessing = 0;
		};
		8FCB813824752281000A0EB9 /* Resources */ = {
			isa = PBXResourcesBuildPhase;
			buildActionMask = 2147483647;
			files = (
			);
			runOnlyForDeploymentPostprocessing = 0;
		};
		8FCB814324752281000A0EB9 /* Resources */ = {
			isa = PBXResourcesBuildPhase;
			buildActionMask = 2147483647;
			files = (
			);
			runOnlyForDeploymentPostprocessing = 0;
		};
/* End PBXResourcesBuildPhase section */

/* Begin PBXSourcesBuildPhase section */
		8FCB81202475227F000A0EB9 /* Sources */ = {
			isa = PBXSourcesBuildPhase;
			buildActionMask = 2147483647;
			files = (
				8FCB81282475227F000A0EB9 /* AppDelegate.swift in Sources */,
				8FCB812A2475227F000A0EB9 /* SceneDelegate.swift in Sources */,
				8FCB812C2475227F000A0EB9 /* ContentView.swift in Sources */,
			);
			runOnlyForDeploymentPostprocessing = 0;
		};
		8FCB813624752281000A0EB9 /* Sources */ = {
			isa = PBXSourcesBuildPhase;
			buildActionMask = 2147483647;
			files = (
				8FCB813F24752281000A0EB9 /* MovizySwiftUITests.swift in Sources */,
			);
			runOnlyForDeploymentPostprocessing = 0;
		};
		8FCB814124752281000A0EB9 /* Sources */ = {
			isa = PBXSourcesBuildPhase;
			buildActionMask = 2147483647;
			files = (
				8FCB814A24752281000A0EB9 /* MovizySwiftUIUITests.swift in Sources */,
			);
			runOnlyForDeploymentPostprocessing = 0;
		};
/* End PBXSourcesBuildPhase section */

/* Begin PBXTargetDependency section */
		8FCB813C24752281000A0EB9 /* PBXTargetDependency */ = {
			isa = PBXTargetDependency;
			target = 8FCB81232475227F000A0EB9 /* MovizySwiftUI */;
			targetProxy = 8FCB813B24752281000A0EB9 /* PBXContainerItemProxy */;
		};
		8FCB814724752281000A0EB9 /* PBXTargetDependency */ = {
			isa = PBXTargetDependency;
			target = 8FCB81232475227F000A0EB9 /* MovizySwiftUI */;
			targetProxy = 8FCB814624752281000A0EB9 /* PBXContainerItemProxy */;
		};
/* End PBXTargetDependency section */

/* Begin PBXVariantGroup section */
		8FCB813224752280000A0EB9 /* LaunchScreen.storyboard */ = {
			isa = PBXVariantGroup;
			children = (
				8FCB813324752280000A0EB9 /* Base */,
			);
			name = LaunchScreen.storyboard;
			sourceTree = "<group>";
		};
/* End PBXVariantGroup section */

/* Begin XCBuildConfiguration section */
		8FCB814C24752281000A0EB9 /* Debug */ = {
			isa = XCBuildConfiguration;
			buildSettings = {
				ALWAYS_SEARCH_USER_PATHS = NO;
				CLANG_ANALYZER_NONNULL = YES;
				CLANG_ANALYZER_NUMBER_OBJECT_CONVERSION = YES_AGGRESSIVE;
				CLANG_CXX_LANGUAGE_STANDARD = "gnu++14";
				CLANG_CXX_LIBRARY = "libc++";
				CLANG_ENABLE_MODULES = YES;
				CLANG_ENABLE_OBJC_ARC = YES;
				CLANG_ENABLE_OBJC_WEAK = YES;
				CLANG_WARN_BLOCK_CAPTURE_AUTORELEASING = YES;
				CLANG_WARN_BOOL_CONVERSION = YES;
				CLANG_WARN_COMMA = YES;
				CLANG_WARN_CONSTANT_CONVERSION = YES;
				CLANG_WARN_DEPRECATED_OBJC_IMPLEMENTATIONS = YES;
				CLANG_WARN_DIRECT_OBJC_ISA_USAGE = YES_ERROR;
				CLANG_WARN_DOCUMENTATION_COMMENTS = YES;
				CLANG_WARN_EMPTY_BODY = YES;
				CLANG_WARN_ENUM_CONVERSION = YES;
				CLANG_WARN_INFINITE_RECURSION = YES;
				CLANG_WARN_INT_CONVERSION = YES;
				CLANG_WARN_NON_LITERAL_NULL_CONVERSION = YES;
				CLANG_WARN_OBJC_IMPLICIT_RETAIN_SELF = YES;
				CLANG_WARN_OBJC_LITERAL_CONVERSION = YES;
				CLANG_WARN_OBJC_ROOT_CLASS = YES_ERROR;
				CLANG_WARN_RANGE_LOOP_ANALYSIS = YES;
				CLANG_WARN_STRICT_PROTOTYPES = YES;
				CLANG_WARN_SUSPICIOUS_MOVE = YES;
				CLANG_WARN_UNGUARDED_AVAILABILITY = YES_AGGRESSIVE;
				CLANG_WARN_UNREACHABLE_CODE = YES;
				CLANG_WARN__DUPLICATE_METHOD_MATCH = YES;
				COPY_PHASE_STRIP = NO;
				DEBUG_INFORMATION_FORMAT = dwarf;
				ENABLE_STRICT_OBJC_MSGSEND = YES;
				ENABLE_TESTABILITY = YES;
				GCC_C_LANGUAGE_STANDARD = gnu11;
				GCC_DYNAMIC_NO_PIC = NO;
				GCC_NO_COMMON_BLOCKS = YES;
				GCC_OPTIMIZATION_LEVEL = 0;
				GCC_PREPROCESSOR_DEFINITIONS = (
					"DEBUG=1",
					"$(inherited)",
				);
				GCC_WARN_64_TO_32_BIT_CONVERSION = YES;
				GCC_WARN_ABOUT_RETURN_TYPE = YES_ERROR;
				GCC_WARN_UNDECLARED_SELECTOR = YES;
				GCC_WARN_UNINITIALIZED_AUTOS = YES_AGGRESSIVE;
				GCC_WARN_UNUSED_FUNCTION = YES;
				GCC_WARN_UNUSED_VARIABLE = YES;
				IPHONEOS_DEPLOYMENT_TARGET = 13.4;
				MTL_ENABLE_DEBUG_INFO = INCLUDE_SOURCE;
				MTL_FAST_MATH = YES;
				ONLY_ACTIVE_ARCH = YES;
				SDKROOT = iphoneos;
				SWIFT_ACTIVE_COMPILATION_CONDITIONS = DEBUG;
				SWIFT_OPTIMIZATION_LEVEL = "-Onone";
			};
			name = Debug;
		};
		8FCB814D24752281000A0EB9 /* Release */ = {
			isa = XCBuildConfiguration;
			buildSettings = {
				ALWAYS_SEARCH_USER_PATHS = NO;
				CLANG_ANALYZER_NONNULL = YES;
				CLANG_ANALYZER_NUMBER_OBJECT_CONVERSION = YES_AGGRESSIVE;
				CLANG_CXX_LANGUAGE_STANDARD = "gnu++14";
				CLANG_CXX_LIBRARY = "libc++";
				CLANG_ENABLE_MODULES = YES;
				CLANG_ENABLE_OBJC_ARC = YES;
				CLANG_ENABLE_OBJC_WEAK = YES;
				CLANG_WARN_BLOCK_CAPTURE_AUTORELEASING = YES;
				CLANG_WARN_BOOL_CONVERSION = YES;
				CLANG_WARN_COMMA = YES;
				CLANG_WARN_CONSTANT_CONVERSION = YES;
				CLANG_WARN_DEPRECATED_OBJC_IMPLEMENTATIONS = YES;
				CLANG_WARN_DIRECT_OBJC_ISA_USAGE = YES_ERROR;
				CLANG_WARN_DOCUMENTATION_COMMENTS = YES;
				CLANG_WARN_EMPTY_BODY = YES;
				CLANG_WARN_ENUM_CONVERSION = YES;
				CLANG_WARN_INFINITE_RECURSION = YES;
				CLANG_WARN_INT_CONVERSION = YES;
				CLANG_WARN_NON_LITERAL_NULL_CONVERSION = YES;
				CLANG_WARN_OBJC_IMPLICIT_RETAIN_SELF = YES;
				CLANG_WARN_OBJC_LITERAL_CONVERSION = YES;
				CLANG_WARN_OBJC_ROOT_CLASS = YES_ERROR;
				CLANG_WARN_RANGE_LOOP_ANALYSIS = YES;
				CLANG_WARN_STRICT_PROTOTYPES = YES;
				CLANG_WARN_SUSPICIOUS_MOVE = YES;
				CLANG_WARN_UNGUARDED_AVAILABILITY = YES_AGGRESSIVE;
				CLANG_WARN_UNREACHABLE_CODE = YES;
				CLANG_WARN__DUPLICATE_METHOD_MATCH = YES;
				COPY_PHASE_STRIP = NO;
				DEBUG_INFORMATION_FORMAT = "dwarf-with-dsym";
				ENABLE_NS_ASSERTIONS = NO;
				ENABLE_STRICT_OBJC_MSGSEND = YES;
				GCC_C_LANGUAGE_STANDARD = gnu11;
				GCC_NO_COMMON_BLOCKS = YES;
				GCC_WARN_64_TO_32_BIT_CONVERSION = YES;
				GCC_WARN_ABOUT_RETURN_TYPE = YES_ERROR;
				GCC_WARN_UNDECLARED_SELECTOR = YES;
				GCC_WARN_UNINITIALIZED_AUTOS = YES_AGGRESSIVE;
				GCC_WARN_UNUSED_FUNCTION = YES;
				GCC_WARN_UNUSED_VARIABLE = YES;
				IPHONEOS_DEPLOYMENT_TARGET = 13.4;
				MTL_ENABLE_DEBUG_INFO = NO;
				MTL_FAST_MATH = YES;
				SDKROOT = iphoneos;
				SWIFT_COMPILATION_MODE = wholemodule;
				SWIFT_OPTIMIZATION_LEVEL = "-O";
				VALIDATE_PRODUCT = YES;
			};
			name = Release;
		};
		8FCB814F24752281000A0EB9 /* Debug */ = {
			isa = XCBuildConfiguration;
			buildSettings = {
				ASSETCATALOG_COMPILER_APPICON_NAME = AppIcon;
				CODE_SIGN_STYLE = Automatic;
				DEVELOPMENT_ASSET_PATHS = "\"MovizySwiftUI/Preview Content\"";
				ENABLE_PREVIEWS = YES;
				INFOPLIST_FILE = MovizySwiftUI/Info.plist;
				LD_RUNPATH_SEARCH_PATHS = (
					"$(inherited)",
					"@executable_path/Frameworks",
				);
				PRODUCT_BUNDLE_IDENTIFIER = deda9.MovizySwiftUI;
				PRODUCT_NAME = "$(TARGET_NAME)";
				SWIFT_VERSION = 5.0;
				TARGETED_DEVICE_FAMILY = "1,2";
			};
			name = Debug;
		};
		8FCB815024752281000A0EB9 /* Release */ = {
			isa = XCBuildConfiguration;
			buildSettings = {
				ASSETCATALOG_COMPILER_APPICON_NAME = AppIcon;
				CODE_SIGN_STYLE = Automatic;
				DEVELOPMENT_ASSET_PATHS = "\"MovizySwiftUI/Preview Content\"";
				ENABLE_PREVIEWS = YES;
				INFOPLIST_FILE = MovizySwiftUI/Info.plist;
				LD_RUNPATH_SEARCH_PATHS = (
					"$(inherited)",
					"@executable_path/Frameworks",
				);
				PRODUCT_BUNDLE_IDENTIFIER = deda9.MovizySwiftUI;
				PRODUCT_NAME = "$(TARGET_NAME)";
				SWIFT_VERSION = 5.0;
				TARGETED_DEVICE_FAMILY = "1,2";
			};
			name = Release;
		};
		8FCB815224752281000A0EB9 /* Debug */ = {
			isa = XCBuildConfiguration;
			buildSettings = {
				ALWAYS_EMBED_SWIFT_STANDARD_LIBRARIES = YES;
				BUNDLE_LOADER = "$(TEST_HOST)";
				CODE_SIGN_STYLE = Automatic;
				INFOPLIST_FILE = MovizySwiftUITests/Info.plist;
				IPHONEOS_DEPLOYMENT_TARGET = 13.4;
				LD_RUNPATH_SEARCH_PATHS = (
					"$(inherited)",
					"@executable_path/Frameworks",
					"@loader_path/Frameworks",
				);
				PRODUCT_BUNDLE_IDENTIFIER = deda9.MovizySwiftUITests;
				PRODUCT_NAME = "$(TARGET_NAME)";
				SWIFT_VERSION = 5.0;
				TARGETED_DEVICE_FAMILY = "1,2";
				TEST_HOST = "$(BUILT_PRODUCTS_DIR)/MovizySwiftUI.app/MovizySwiftUI";
			};
			name = Debug;
		};
		8FCB815324752281000A0EB9 /* Release */ = {
			isa = XCBuildConfiguration;
			buildSettings = {
				ALWAYS_EMBED_SWIFT_STANDARD_LIBRARIES = YES;
				BUNDLE_LOADER = "$(TEST_HOST)";
				CODE_SIGN_STYLE = Automatic;
				INFOPLIST_FILE = MovizySwiftUITests/Info.plist;
				IPHONEOS_DEPLOYMENT_TARGET = 13.4;
				LD_RUNPATH_SEARCH_PATHS = (
					"$(inherited)",
					"@executable_path/Frameworks",
					"@loader_path/Frameworks",
				);
				PRODUCT_BUNDLE_IDENTIFIER = deda9.MovizySwiftUITests;
				PRODUCT_NAME = "$(TARGET_NAME)";
				SWIFT_VERSION = 5.0;
				TARGETED_DEVICE_FAMILY = "1,2";
				TEST_HOST = "$(BUILT_PRODUCTS_DIR)/MovizySwiftUI.app/MovizySwiftUI";
			};
			name = Release;
		};
		8FCB815524752281000A0EB9 /* Debug */ = {
			isa = XCBuildConfiguration;
			buildSettings = {
				ALWAYS_EMBED_SWIFT_STANDARD_LIBRARIES = YES;
				CODE_SIGN_STYLE = Automatic;
				INFOPLIST_FILE = MovizySwiftUIUITests/Info.plist;
				LD_RUNPATH_SEARCH_PATHS = (
					"$(inherited)",
					"@executable_path/Frameworks",
					"@loader_path/Frameworks",
				);
				PRODUCT_BUNDLE_IDENTIFIER = deda9.MovizySwiftUIUITests;
				PRODUCT_NAME = "$(TARGET_NAME)";
				SWIFT_VERSION = 5.0;
				TARGETED_DEVICE_FAMILY = "1,2";
				TEST_TARGET_NAME = MovizySwiftUI;
			};
			name = Debug;
		};
		8FCB815624752281000A0EB9 /* Release */ = {
			isa = XCBuildConfiguration;
			buildSettings = {
				ALWAYS_EMBED_SWIFT_STANDARD_LIBRARIES = YES;
				CODE_SIGN_STYLE = Automatic;
				INFOPLIST_FILE = MovizySwiftUIUITests/Info.plist;
				LD_RUNPATH_SEARCH_PATHS = (
					"$(inherited)",
					"@executable_path/Frameworks",
					"@loader_path/Frameworks",
				);
				PRODUCT_BUNDLE_IDENTIFIER = deda9.MovizySwiftUIUITests;
				PRODUCT_NAME = "$(TARGET_NAME)";
				SWIFT_VERSION = 5.0;
				TARGETED_DEVICE_FAMILY = "1,2";
				TEST_TARGET_NAME = MovizySwiftUI;
			};
			name = Release;
		};
/* End XCBuildConfiguration section */

/* Begin XCConfigurationList section */
		8FCB811F2475227F000A0EB9 /* Build configuration list for PBXProject "MovizySwiftUI" */ = {
			isa = XCConfigurationList;
			buildConfigurations = (
				8FCB814C24752281000A0EB9 /* Debug */,
				8FCB814D24752281000A0EB9 /* Release */,
			);
			defaultConfigurationIsVisible = 0;
			defaultConfigurationName = Release;
		};
		8FCB814E24752281000A0EB9 /* Build configuration list for PBXNativeTarget "MovizySwiftUI" */ = {
			isa = XCConfigurationList;
			buildConfigurations = (
				8FCB814F24752281000A0EB9 /* Debug */,
				8FCB815024752281000A0EB9 /* Release */,
			);
			defaultConfigurationIsVisible = 0;
			defaultConfigurationName = Release;
		};
		8FCB815124752281000A0EB9 /* Build configuration list for PBXNativeTarget "MovizySwiftUITests" */ = {
			isa = XCConfigurationList;
			buildConfigurations = (
				8FCB815224752281000A0EB9 /* Debug */,
				8FCB815324752281000A0EB9 /* Release */,
			);
			defaultConfigurationIsVisible = 0;
			defaultConfigurationName = Release;
		};
		8FCB815424752281000A0EB9 /* Build configuration list for PBXNativeTarget "MovizySwiftUIUITests" */ = {
			isa = XCConfigurationList;
			buildConfigurations = (
				8FCB815524752281000A0EB9 /* Debug */,
				8FCB815624752281000A0EB9 /* Release */,
			);
			defaultConfigurationIsVisible = 0;
			defaultConfigurationName = Release;
		};
/* End XCConfigurationList section */
	};
	rootObject = 8FCB811C2475227F000A0EB9 /* Project object */;
}
